{
  "originHash" : "395a1133ed220a4bc1783ebe958a697a2671b7651a1d80a4de4ba7e8d85103f8",
  "pins" : [
    {
      "identity" : "aetherengine",
      "kind" : "remoteSourceControl",
      "location" : "https://github.com/superuser404notfound/AetherEngine.git",
      "state" : {
        "revision" : "f70d4aee595f0947ef2354fbae01c76b41a7857b",
        "version" : "6.39.0"
      }
    },
    {
      "identity" : "ffmpegbuild",
      "kind" : "remoteSourceControl",
      "location" : "https://github.com/superuser404notfound/FFmpegBuild",
      "state" : {
        "revision" : "b2185fa842b829cd53d182a5e9a53182c1d9c84c",
        "version" : "2.4.3"
      }
    },
    {
      "identity" : "libdovi",
      "kind" : "remoteSourceControl",
      "location" : "https://github.com/superuser404notfound/LibDovi",
      "state" : {
        "revision" : "89be93431c2a5f2e54fb77e93059071b8d2ddb3a",
        "version" : "2.0.0"
      }
    },
    {
      "identity" : "smbclient",
      "kind" : "remoteSourceControl",
      "location" : "https://github.com/kishikawakatsumi/SMBClient",
      "state" : {
        "revision" : "e636c2b2458930770932a36d311ec9d478575b90",
        "version" : "0.3.1"
      }
    }
  ],
  "version" : 3
}
